{
  "version": "4",
  "specifiers": {
    "jsr:@david/code-block-writer@^13.0.2": "13.0.3",
    "jsr:@deno/cache-dir@~0.10.3": "0.10.3",
    "jsr:@deno/dnt@~0.41.3": "0.41.3",
    "jsr:@deno/graph@~0.73.1": "0.73.1",
    "jsr:@std/assert@0.223": "0.223.0",
    "jsr:@std/assert@0.226": "0.226.0",
    "jsr:@std/assert@1": "1.0.12",
    "jsr:@std/bytes@0.223": "0.223.0",
    "jsr:@std/fmt@0.223": "0.223.0",
    "jsr:@std/fmt@1": "1.0.6",
    "jsr:@std/fs@0.223": "0.223.0",
    "jsr:@std/fs@1": "1.0.16",
    "jsr:@std/fs@~0.229.3": "0.229.3",
    "jsr:@std/internal@^1.0.6": "1.0.6",
    "jsr:@std/io@0.223": "0.223.0",
    "jsr:@std/path@0.223": "0.223.0",
    "jsr:@std/path@1": "1.0.8",
    "jsr:@std/path@1.0.0-rc.1": "1.0.0-rc.1",
    "jsr:@std/path@^1.0.8": "1.0.8",
    "jsr:@std/path@~0.225.2": "0.225.2",
    "jsr:@ts-morph/bootstrap@0.24": "0.24.0",
    "jsr:@ts-morph/common@0.24": "0.24.0",
    "npm:@techstark/opencv-js@*": "4.10.0-release.1",
    "npm:commander@*": "13.1.0",
    "npm:image-js@*": "0.37.0"
  },
  "jsr": {
    "@david/code-block-writer@13.0.3": {
      "integrity": "f98c77d320f5957899a61bfb7a9bead7c6d83ad1515daee92dbacc861e13bb7f"
    },
    "@deno/cache-dir@0.10.3": {
      "integrity": "eb022f84ecc49c91d9d98131c6e6b118ff63a29e343624d058646b9d50404776",
      "dependencies": [
        "jsr:@deno/graph",
        "jsr:@std/fmt@0.223",
        "jsr:@std/fs@0.223",
        "jsr:@std/io",
        "jsr:@std/path@0.223"
      ]
    },
    "@deno/dnt@0.41.3": {
      "integrity": "b2ef2c8a5111eef86cb5bfcae103d6a2938e8e649e2461634a7befb7fc59d6d2",
      "dependencies": [
        "jsr:@david/code-block-writer",
        "jsr:@deno/cache-dir",
        "jsr:@std/fmt@1",
        "jsr:@std/fs@1",
        "jsr:@std/path@1",
        "jsr:@ts-morph/bootstrap"
      ]
    },
    "@deno/graph@0.73.1": {
      "integrity": "cd69639d2709d479037d5ce191a422eabe8d71bb68b0098344f6b07411c84d41"
    },
    "@std/assert@0.223.0": {
      "integrity": "eb8d6d879d76e1cc431205bd346ed4d88dc051c6366365b1af47034b0670be24"
    },
    "@std/assert@0.226.0": {
      "integrity": "0dfb5f7c7723c18cec118e080fec76ce15b4c31154b15ad2bd74822603ef75b3"
    },
    "@std/assert@1.0.12": {
      "integrity": "08009f0926dda9cbd8bef3a35d3b6a4b964b0ab5c3e140a4e0351fbf34af5b9a",
      "dependencies": [
        "jsr:@std/internal"
      ]
    },
    "@std/bytes@0.223.0": {
      "integrity": "84b75052cd8680942c397c2631318772b295019098f40aac5c36cead4cba51a8"
    },
    "@std/fmt@0.223.0": {
      "integrity": "6deb37794127dfc7d7bded2586b9fc6f5d50e62a8134846608baf71ffc1a5208"
    },
    "@std/fmt@1.0.6": {
      "integrity": "a2c56a69a2369876ddb3ad6a500bb6501b5bad47bb3ea16bfb0c18974d2661fc"
    },
    "@std/fs@0.223.0": {
      "integrity": "3b4b0550b2c524cbaaa5a9170c90e96cbb7354e837ad1bdaf15fc9df1ae9c31c"
    },
    "@std/fs@0.229.3": {
      "integrity": "783bca21f24da92e04c3893c9e79653227ab016c48e96b3078377ebd5222e6eb",
      "dependencies": [
        "jsr:@std/path@1.0.0-rc.1"
      ]
    },
    "@std/fs@1.0.16": {
      "integrity": "81878f62b6eeda0bf546197fc3daa5327c132fee1273f6113f940784a468b036",
      "dependencies": [
        "jsr:@std/path@^1.0.8"
      ]
    },
    "@std/internal@1.0.6": {
      "integrity": "9533b128f230f73bd209408bb07a4b12f8d4255ab2a4d22a1fd6d87304aca9a4"
    },
    "@std/io@0.223.0": {
      "integrity": "2d8c3c2ab3a515619b90da2c6ff5ea7b75a94383259ef4d02116b228393f84f1",
      "dependencies": [
        "jsr:@std/assert@0.223",
        "jsr:@std/bytes"
      ]
    },
    "@std/path@0.223.0": {
      "integrity": "593963402d7e6597f5a6e620931661053572c982fc014000459edc1f93cc3989",
      "dependencies": [
        "jsr:@std/assert@0.223"
      ]
    },
    "@std/path@0.225.2": {
      "integrity": "0f2db41d36b50ef048dcb0399aac720a5348638dd3cb5bf80685bf2a745aa506",
      "dependencies": [
        "jsr:@std/assert@0.226"
      ]
    },
    "@std/path@1.0.0-rc.1": {
      "integrity": "b8c00ae2f19106a6bb7cbf1ab9be52aa70de1605daeb2dbdc4f87a7cbaf10ff6"
    },
    "@std/path@1.0.8": {
      "integrity": "548fa456bb6a04d3c1a1e7477986b6cffbce95102d0bb447c67c4ee70e0364be"
    },
    "@ts-morph/bootstrap@0.24.0": {
      "integrity": "a826a2ef7fa8a7c3f1042df2c034d20744d94da2ee32bf29275bcd4dffd3c060",
      "dependencies": [
        "jsr:@ts-morph/common"
      ]
    },
    "@ts-morph/common@0.24.0": {
      "integrity": "12b625b8e562446ba658cdbe9ad77774b4bd96b992ae8bd34c60dbf24d06c1f3",
      "dependencies": [
        "jsr:@std/fs@~0.229.3",
        "jsr:@std/path@~0.225.2"
      ]
    }
  },
  "npm": {
    "@babel/runtime@7.27.0": {
      "integrity": "sha512-VtPOkrdPHZsKc/clNqyi9WUA8TINkZ4cGk63UUE3u4pmB2k+ZMQRDuIOagv8UVd6j7k0T3+RRIb7beKTebNbcw==",
      "dependencies": [
        "regenerator-runtime"
      ]
    },
    "@swiftcarrot/color-fns@3.2.0": {
      "integrity": "sha512-6SCpc4LwmGGqWHpBY9WaBzJwPF4nfgvFfejOX7Ub0kTehJysFkLUAvGID8zEx39n0pGlfr9pTiQE/7/buC7X5w==",
      "dependencies": [
        "@babel/runtime"
      ]
    },
    "@techstark/opencv-js@4.10.0-release.1": {
      "integrity": "sha512-S4XELidRiQeA0q1s9VQLo540wCxUo24r1O4C+LqZ6llX+sPCXvZCPv3Ice8dEIr0uavyZ8YZeKXSBdDgMXSXjw=="
    },
    "@types/pako@2.0.3": {
      "integrity": "sha512-bq0hMV9opAcrmE0Byyo0fY3Ew4tgOevJmQ9grUhpXQhYfyLJ1Kqg3P33JT5fdbT2AjeAjR51zqqVjAL/HMkx7Q=="
    },
    "blob-util@2.0.2": {
      "integrity": "sha512-T7JQa+zsXXEa6/8ZhHcQEW1UFfVM49Ts65uBkFL6fz2QmrElqmbajIDJvuA0tEhRe5eIjpV9ZF+0RfZR9voJFQ=="
    },
    "canny-edge-detector@1.0.0": {
      "integrity": "sha512-SpewmkHDE1PbJ1/AVAcpvZKOufYpUXT0euMvhb5C4Q83Q9XEOmSXC+yR7jl3F4Ae1Ev6OtQKbFgdcPrOdHjzQg=="
    },
    "cheminfo-types@1.8.1": {
      "integrity": "sha512-FRcpVkox+cRovffgqNdDFQ1eUav+i/Vq/CUd1hcfEl2bevntFlzznL+jE8g4twl6ElB7gZjCko6pYpXyMn+6dA=="
    },
    "commander@13.1.0": {
      "integrity": "sha512-/rFeCpNJQbhSZjGVwO9RFV3xPqbnERS8MmIQzCtD/zl6gpJuV/bMLuN92oG3F7d8oDEHHRrujSXNUr8fpjntKw=="
    },
    "fast-bmp@2.0.1": {
      "integrity": "sha512-MOSG2rHYJCjIfL3/Llseuj39yl5U3d3XLtWFLFm5ZSTublGEXyvNcwi4Npyv6nzDPRSbAP53rvVRUswgftWCcQ==",
      "dependencies": [
        "iobuffer@5.4.0"
      ]
    },
    "fast-jpeg@1.0.1": {
      "integrity": "sha512-nyoYDzmdxgLOBfEhJGwYRsRLqGKziG/wic0SMct17dTVHkseTPvNwHCfihE47tcpGA1cTJO2MNsYYHezmkuA6w==",
      "dependencies": [
        "iobuffer@2.1.0",
        "tiff@2.1.0"
      ]
    },
    "fast-list@1.0.3": {
      "integrity": "sha512-Lm56Ci3EqefHNdIneRFuzhpPcpVVBz9fgqVmG3UQIxAefJv1mEYsZ1WQLTWqmdqeGEwbI2t6fbZgp9TqTYARuA=="
    },
    "fast-png@6.3.0": {
      "integrity": "sha512-fUDn0/sjB4dwy6rrBc9CUdcbYbcFXqoVmol5YAnMIcEZB7A07qEf/68k20MPHPWfZmmN+hApqSbGd4uv195paA==",
      "dependencies": [
        "@types/pako",
        "iobuffer@5.4.0",
        "pako"
      ]
    },
    "fft.js@4.0.4": {
      "integrity": "sha512-f9c00hphOgeQTlDyavwTtu6RiK8AIFjD6+jvXkNkpeQ7rirK3uFWVpalkoS4LAwbdX7mfZ8aoBfFVQX1Re/8aw=="
    },
    "file-type@10.11.0": {
      "integrity": "sha512-uzk64HRpUZyTGZtVuvrjP0FYxzQrBf4rojot6J65YMEbwBLB0CWm0CLojVpwpmFmxcE/lkvYICgfcGozbBq6rw=="
    },
    "has-own@1.0.1": {
      "integrity": "sha512-RDKhzgQTQfMaLvIFhjahU+2gGnRBK6dYOd5Gd9BzkmnBneOCRYjRC003RIMrdAbH52+l+CnMS4bBCXGer8tEhg=="
    },
    "image-js@0.37.0": {
      "integrity": "sha512-t/6CE+H0mT9TKFhlm1h84e9Y1W/ZNAgLUvYH+ogWSZOMUWXLdtUPVJH3EppCCR+EgwSqxbcuiVlPqDPEa9dNtw==",
      "dependencies": [
        "@swiftcarrot/color-fns",
        "blob-util",
        "canny-edge-detector",
        "fast-bmp",
        "fast-jpeg",
        "fast-list",
        "fast-png",
        "has-own",
        "image-type",
        "is-array-type",
        "is-integer",
        "jpeg-js",
        "js-priority-queue",
        "js-quantities",
        "median-quickselect",
        "ml-convolution",
        "ml-disjoint-set",
        "ml-matrix",
        "ml-matrix-convolution",
        "ml-regression",
        "monotone-chain-convex-hull",
        "new-array",
        "robust-point-in-polygon",
        "tiff@5.0.3",
        "web-worker-manager"
      ]
    },
    "image-type@4.1.0": {
      "integrity": "sha512-CFJMJ8QK8lJvRlTCEgarL4ro6hfDQKif2HjSvYCdQZESaIPV4v9imrf7BQHK+sQeTeNeMpWciR9hyC/g8ybXEg==",
      "dependencies": [
        "file-type"
      ]
    },
    "iobuffer@2.1.0": {
      "integrity": "sha512-0XZfU0STJ6NVHBZdMRPjF7jtkDEC5f4AxM/n5DSZOu11SQ+7tAl1csuEnEPoSPYWdaGZ/HOfn5Q837IEHddL2w=="
    },
    "iobuffer@5.4.0": {
      "integrity": "sha512-DRebOWuqDvxunfkNJAlc3IzWIPD5xVxwUNbHr7xKB8E6aLJxIPfNX3CoMJghcFjpv6RWQsrcJbghtEwSPoJqMA=="
    },
    "is-any-array@2.0.1": {
      "integrity": "sha512-UtilS7hLRu++wb/WBAw9bNuP1Eg04Ivn1vERJck8zJthEvXCBEBpGR/33u/xLKWEQf95803oalHrVDptcAvFdQ=="
    },
    "is-array-type@1.0.0": {
      "integrity": "sha512-LLwKQdMAO/XUkq4XTed1VYqwR2OahiwkBg+yUtZT88LXX4MLXP28qGsVfSNVP8X0wc7fzDhcZD3nns/IK8UfKw=="
    },
    "is-finite@1.1.0": {
      "integrity": "sha512-cdyMtqX/BOqqNBBiKlIVkytNHm49MtMlYyn1zxzvJKWmFMlGzm+ry5BBfYyeY9YmNKbRSo/o7OX9w9ale0wg3w=="
    },
    "is-integer@1.0.7": {
      "integrity": "sha512-RPQc/s9yBHSvpi+hs9dYiJ2cuFeU6x3TyyIp8O2H6SKEltIvJOzRj9ToyvcStDvPR/pS4rxgr1oBFajQjZ2Szg==",
      "dependencies": [
        "is-finite"
      ]
    },
    "jpeg-js@0.4.4": {
      "integrity": "sha512-WZzeDOEtTOBK4Mdsar0IqEU5sMr3vSV2RqkAIzUEV2BHnUfKGyswWFPFwK5EeDo93K3FohSHbLAjj0s1Wzd+dg=="
    },
    "js-priority-queue@0.1.5": {
      "integrity": "sha512-2dPmJT4GbXUpob7AZDR1wFMKz3Biy6oW69mwt5PTtdeoOgDin1i0p5gUV9k0LFeUxDpwkfr+JGMZDpcprjiY5w=="
    },
    "js-quantities@1.8.0": {
      "integrity": "sha512-swDw9RJpXACAWR16vAKoSojAsP6NI7cZjjnjKqhOyZSdybRUdmPr071foD3fejUKSU2JMHz99hflWkRWvfLTpQ=="
    },
    "median-quickselect@1.0.1": {
      "integrity": "sha512-/QL9ptNuLsdA68qO+2o10TKCyu621zwwTFdLvtu8rzRNKsn8zvuGoq/vDxECPyELFG8wu+BpyoMR9BnsJqfVZQ=="
    },
    "ml-array-max@1.2.4": {
      "integrity": "sha512-BlEeg80jI0tW6WaPyGxf5Sa4sqvcyY6lbSn5Vcv44lp1I2GR6AWojfUvLnGTNsIXrZ8uqWmo8VcG1WpkI2ONMQ==",
      "dependencies": [
        "is-any-array"
      ]
    },
    "ml-array-median@1.1.6": {
      "integrity": "sha512-V6bV6bTPFRX8v5CaAx/7fuRXC39LLTHfPSVZZafdNaqNz2PFL5zEA7gesjv8dMXh+gwPeUMtB5QPovlTBaa4sw==",
      "dependencies": [
        "is-any-array",
        "median-quickselect"
      ]
    },
    "ml-array-min@1.2.3": {
      "integrity": "sha512-VcZ5f3VZ1iihtrGvgfh/q0XlMobG6GQ8FsNyQXD3T+IlstDv85g8kfV0xUG1QPRO/t21aukaJowDzMTc7j5V6Q==",
      "dependencies": [
        "is-any-array"
      ]
    },
    "ml-array-rescale@1.3.7": {
      "integrity": "sha512-48NGChTouvEo9KBctDfHC3udWnQKNKEWN0ziELvY3KG25GR5cA8K8wNVzracsqSW1QEkAXjTNx+ycgAv06/1mQ==",
      "dependencies": [
        "is-any-array",
        "ml-array-max",
        "ml-array-min"
      ]
    },
    "ml-convolution@0.2.0": {
      "integrity": "sha512-km5f81jFVnEWG0eFEKAwt00X3xGUIAcUqZZlUk+w0q2sZOz1vkEYhIKOXAlmaEi9rnrTknxW//Ttm399zPzDPg==",
      "dependencies": [
        "fft.js",
        "next-power-of-two"
      ]
    },
    "ml-disjoint-set@1.0.0": {
      "integrity": "sha512-UcEzgvRzVhsKpT66syfdhaK8R+av6GxDFmU37t+6WClT/kHDIN6OMRfO7OPwQIV8+L8FSc2E6lNKpvdqf6OgLw=="
    },
    "ml-distance-euclidean@2.0.0": {
      "integrity": "sha512-yC9/2o8QF0A3m/0IXqCTXCzz2pNEzvmcE/9HFKOZGnTjatvBbsn4lWYJkxENkA4Ug2fnYl7PXQxnPi21sgMy/Q=="
    },
    "ml-fft@1.3.5": {
      "integrity": "sha512-laAATDyUuWPbIlX57thIds41wqFLsB+Zl7i1yrLRo/4CFg+hFaF9Xle8InblQseyiaVtt1KSlDG+6lgUMPOj3g=="
    },
    "ml-kernel-gaussian@2.0.2": {
      "integrity": "sha512-5MBrH2g9MBO53I6mcyXvMhyOLsmO2w21+26A1ZV/vYoxqpsov2PWkT8bhdFCEe0kgDupmAb6u81iOID/rhnarA==",
      "dependencies": [
        "ml-distance-euclidean"
      ]
    },
    "ml-kernel-polynomial@2.0.1": {
      "integrity": "sha512-aGDNRPHDiKeJmBxB0L9wTxKNLfp5JytbdRIo5K+FTcmFjkWDe3YZPo6R6wBB5mxaJ5eqTRawzeV4RoIWHbakyQ=="
    },
    "ml-kernel-sigmoid@1.0.1": {
      "integrity": "sha512-mSbYOSbNQ7GsUAGrHuUHNsLgM3bZGpXkotw/FBdKZD9YMXfVOgQb1LvvvVeSlOR/ZdmX23qqaV0RnKSYWBF8og=="
    },
    "ml-kernel@3.0.0": {
      "integrity": "sha512-R+ZR0Kl5xJ7vnxtlDqjZ26xVk7mAw7ctK4NlzRHviBFXxp7keC9+hWirMOdzi2DOQA0t6CaRwjElZ6SdirOmow==",
      "dependencies": [
        "ml-distance-euclidean",
        "ml-kernel-gaussian",
        "ml-kernel-polynomial",
        "ml-kernel-sigmoid",
        "ml-matrix"
      ]
    },
    "ml-matrix-convolution@0.4.3": {
      "integrity": "sha512-B4AATOjxDw4J0oVcoeYHsXrhMr31x9SWhVKZjWucDU+brwXLR0enMdqb1OuRy/REdpL5/iSshA46sS2B1dO2OQ==",
      "dependencies": [
        "ml-fft",
        "ml-stat"
      ]
    },
    "ml-matrix@6.12.1": {
      "integrity": "sha512-TJ+8eOFdp+INvzR4zAuwBQJznDUfktMtOB6g/hUcGh3rcyjxbz4Te57Pgri8Q9bhSQ7Zys4IYOGhFdnlgeB6Lw==",
      "dependencies": [
        "is-any-array",
        "ml-array-rescale"
      ]
    },
    "ml-regression-base@2.1.6": {
      "integrity": "sha512-yTckvEc8szc6VrUTJSgAClShvCoPZdNt8pmyRe8aGsIWGjg6bYFotp9mDUwAB0snvKAbQWd6A4trL/PDCASLug==",
      "dependencies": [
        "is-any-array"
      ]
    },
    "ml-regression-base@3.0.0": {
      "integrity": "sha512-qkQWvNk8VU1LIytjid/+YHOSx8GnEU9dCUPsAQ8AzCh4saijrsni/XA6x7r+N1UrHMDHeSEUBtRZTsl2syyu/A==",
      "dependencies": [
        "cheminfo-types",
        "is-any-array"
      ]
    },
    "ml-regression-base@4.0.0": {
      "integrity": "sha512-V2VjB+K/BcgXaX450xvYw36TLOB+piD9G1pHU3VE+ggQUApsVGkYco6UMQykFOwBydHnDTbOiybH/lwrkqFT4g==",
      "dependencies": [
        "cheminfo-types",
        "is-any-array"
      ]
    },
    "ml-regression-exponential@2.1.3": {
      "integrity": "sha512-TE7xIlsHqKdLIgJ5d2rYVrGTd+NkjSBH8bLf1umLFiQI5hR7mUPmMoX+LalVJMd8NhlOwQzufOHqaPewMJ7S6g==",
      "dependencies": [
        "ml-regression-base@3.0.0",
        "ml-regression-simple-linear@3.0.1"
      ]
    },
    "ml-regression-multivariate-linear@2.0.4": {
      "integrity": "sha512-/vShPAlP+mB7P2mC5TuXwObSJNl/UBI71/bszt9ilTg6yLKy6btDLpAYyJNa6t+JnL5a7q+Yy4dCltfpvqXRIw==",
      "dependencies": [
        "ml-matrix"
      ]
    },
    "ml-regression-polynomial@2.2.0": {
      "integrity": "sha512-WxFsEmi6oLxgq9TeaVoAA+vVUJFp1kGarX6WWClR8OmlanoIW5iLMnaeXfQcYuH8xNq4R1Cax2N9hYYmeWWkLg==",
      "dependencies": [
        "ml-matrix",
        "ml-regression-base@2.1.6"
      ]
    },
    "ml-regression-power@2.0.0": {
      "integrity": "sha512-u8O9Fy45+OeYm/4ZBcNDn5w3w+MHc6kZz/AWSJIwmJcyjz6PRkTZnNfgGYdVKwKKDlAOS7G/AFvMKSTWRNO4RQ==",
      "dependencies": [
        "ml-regression-base@2.1.6",
        "ml-regression-simple-linear@2.0.5"
      ]
    },
    "ml-regression-robust-polynomial@2.0.1": {
      "integrity": "sha512-WkxA224Cil1G3Ug/T1O8H/2IDADlca21oC5WDplcM+gQRTqtueT/Su4ubH70tG6s79XHM046HfO8xQSpDQxqqg==",
      "dependencies": [
        "ml-matrix",
        "ml-regression-base@2.1.6"
      ]
    },
    "ml-regression-simple-linear@2.0.5": {
      "integrity": "sha512-7DBYru8GvWLaYo4LUF9vU2DjzHuM6i6WGnVbEP9wq8nUFUZ2DlwN46m8Z/hNhTSR7+3T+RvhaSY+OqdBpaz8zw==",
      "dependencies": [
        "ml-regression-base@2.1.6"
      ]
    },
    "ml-regression-simple-linear@3.0.1": {
      "integrity": "sha512-SF2oxA+034Co9GVQSFuS3vtACaRAFrEwHi9oX6VTaSY/KtXxseL3d4GApj4jWXMoAgrP7VMoIO1PH0RoZaMR1g==",
      "dependencies": [
        "cheminfo-types",
        "ml-regression-base@4.0.0"
      ]
    },
    "ml-regression-theil-sen@2.0.0": {
      "integrity": "sha512-RO//tYzo69XbWDO5LIPdGp8ef1MSTPPJY0bXNlmOLMSay7YR9FQqtNgqn29T9DSYTa863VAafRlCeXwDQNXkBw==",
      "dependencies": [
        "ml-array-median",
        "ml-regression-base@2.1.6"
      ]
    },
    "ml-regression@5.0.0": {
      "integrity": "sha512-mBn0LpfEWV3Dk0dj+8PRNUqIHvO87rUY0PmCUTYv3MKfECx7TtlKyeacJeOBLZ4YAVixX8U5hn4HwRL6TpTYaw==",
      "dependencies": [
        "ml-kernel",
        "ml-matrix",
        "ml-regression-base@2.1.6",
        "ml-regression-exponential",
        "ml-regression-multivariate-linear",
        "ml-regression-polynomial",
        "ml-regression-power",
        "ml-regression-robust-polynomial",
        "ml-regression-simple-linear@2.0.5",
        "ml-regression-theil-sen"
      ]
    },
    "ml-stat@1.3.3": {
      "integrity": "sha512-F6plydFIKFZA+7j/pRsRrfRu4nwsruQvYD9QxHWc4hFUdASVznsKUL2hgAwgMVizY/P0+b1L9bVQexKES5y/uw=="
    },
    "monotone-chain-convex-hull@1.1.0": {
      "integrity": "sha512-iZGaoO2qtqIWaAfscTtsH2LolE06U4JzTw8AgtjT/yzYIA0aoAHDdwBtsesnQXfVRvS375Wu0Y1+FqdI5Y22GA=="
    },
    "new-array@1.0.0": {
      "integrity": "sha512-K5AyFYbuHZ4e/ti52y7k18q8UHsS78FlRd85w2Fmsd6AkuLipDihPflKC0p3PN5i8II7+uHxo+CtkLiJDfmS5A=="
    },
    "next-power-of-two@1.0.0": {
      "integrity": "sha512-+z6QY1SxkDk6CQJAeaIZKmcNubBCRP7J8DMQUBglz/sSkNsZoJ1kULjqk9skNPPplzs4i9PFhYrvNDdtQleF/A=="
    },
    "pako@2.1.0": {
      "integrity": "sha512-w+eufiZ1WuJYgPXbV/PO3NCMEc3xqylkKHzp8bxp1uW4qaSNQUkwmLLEc3kKsfz8lpV1F8Ht3U1Cm+9Srog2ug=="
    },
    "regenerator-runtime@0.14.1": {
      "integrity": "sha512-dYnhHh0nJoMfnkZs6GmmhFknAGRrLznOu5nc9ML+EJxGvrx6H7teuevqVqCuPcPK//3eDrrjQhehXVx9cnkGdw=="
    },
    "robust-orientation@1.2.1": {
      "integrity": "sha512-FuTptgKwY6iNuU15nrIJDLjXzCChWB+T4AvksRtwPS/WZ3HuP1CElCm1t+OBfgQKfWbtZIawip+61k7+buRKAg==",
      "dependencies": [
        "robust-scale",
        "robust-subtract",
        "robust-sum",
        "two-product"
      ]
    },
    "robust-point-in-polygon@1.0.3": {
      "integrity": "sha512-pPzz7AevOOcPYnFv4Vs5L0C7BKOq6C/TfAw5EUE58CylbjGiPyMjAnPLzzSuPZ2zftUGwWbmLWPOjPOz61tAcA==",
      "dependencies": [
        "robust-orientation"
      ]
    },
    "robust-scale@1.0.2": {
      "integrity": "sha512-jBR91a/vomMAzazwpsPTPeuTPPmWBacwA+WYGNKcRGSh6xweuQ2ZbjRZ4v792/bZOhRKXRiQH0F48AvuajY0tQ==",
      "dependencies": [
        "two-product",
        "two-sum"
      ]
    },
    "robust-subtract@1.0.0": {
      "integrity": "sha512-xhKUno+Rl+trmxAIVwjQMiVdpF5llxytozXJOdoT4eTIqmqsndQqFb1A0oiW3sZGlhMRhOi6pAD4MF1YYW6o/A=="
    },
    "robust-sum@1.0.0": {
      "integrity": "sha512-AvLExwpaqUqD1uwLU6MwzzfRdaI6VEZsyvQ3IAQ0ZJ08v1H+DTyqskrf2ZJyh0BDduFVLN7H04Zmc+qTiahhAw=="
    },
    "tiff@2.1.0": {
      "integrity": "sha512-Q4zLT4+Csn/ZhFVacYCAl+w/1J51NW/m2y2yx7Qxp/bsHYOEsK7+5JOID2kfk+EvsaF0LbA6ccAkqiuXOmAbYw==",
      "dependencies": [
        "iobuffer@2.1.0"
      ]
    },
    "tiff@5.0.3": {
      "integrity": "sha512-R0WckwRGhawWDNdha8iPQCjHyOiaEEmfFjhmalUVCIEELsON7Y/XO3eeGmBkoCXQp0Gg2nmTozN92Z4hlwbsow==",
      "dependencies": [
        "iobuffer@5.4.0",
        "pako"
      ]
    },
    "two-product@1.0.2": {
      "integrity": "sha512-vOyrqmeYvzjToVM08iU52OFocWT6eB/I5LUWYnxeAPGXAhAxXYU/Yr/R2uY5/5n4bvJQL9AQulIuxpIsMoT8XQ=="
    },
    "two-sum@1.0.0": {
      "integrity": "sha512-phP48e8AawgsNUjEY2WvoIWqdie8PoiDZGxTDv70LDr01uX5wLEQbOgSP7Z/B6+SW5oLtbe8qaYX2fKJs3CGTw=="
    },
    "web-worker-manager@0.2.0": {
      "integrity": "sha512-WmGabA4GLth1ju9VLm/oMDcPMhMngHoBSdY1OMhrEJvNsPl7z2p+7RBOXjEi5zlP0dK+Shd3Wm+BdD5WZrNYBA=="
    }
  },
  "redirects": {
    "https://deno.land/std/path/basename.ts": "https://deno.land/std@0.224.0/path/basename.ts",
    "https://deno.land/std/path/extname.ts": "https://deno.land/std@0.224.0/path/extname.ts",
    "https://deno.land/std/path/mod.ts": "https://deno.land/std@0.224.0/path/mod.ts"
  },
  "remote": {
    "https://deno.land/std@0.224.0/assert/assert.ts": "09d30564c09de846855b7b071e62b5974b001bb72a4b797958fe0660e7849834",
    "https://deno.land/std@0.224.0/assert/assertion_error.ts": "ba8752bd27ebc51f723702fac2f54d3e94447598f54264a6653d6413738a8917",
    "https://deno.land/std@0.224.0/path/_common/assert_path.ts": "dbdd757a465b690b2cc72fc5fb7698c51507dec6bfafce4ca500c46b76ff7bd8",
    "https://deno.land/std@0.224.0/path/_common/basename.ts": "569744855bc8445f3a56087fd2aed56bdad39da971a8d92b138c9913aecc5fa2",
    "https://deno.land/std@0.224.0/path/_common/common.ts": "ef73c2860694775fe8ffcbcdd387f9f97c7a656febf0daa8c73b56f4d8a7bd4c",
    "https://deno.land/std@0.224.0/path/_common/constants.ts": "dc5f8057159f4b48cd304eb3027e42f1148cf4df1fb4240774d3492b5d12ac0c",
    "https://deno.land/std@0.224.0/path/_common/dirname.ts": "684df4aa71a04bbcc346c692c8485594fc8a90b9408dfbc26ff32cf3e0c98cc8",
    "https://deno.land/std@0.224.0/path/_common/format.ts": "92500e91ea5de21c97f5fe91e178bae62af524b72d5fcd246d6d60ae4bcada8b",
    "https://deno.land/std@0.224.0/path/_common/from_file_url.ts": "d672bdeebc11bf80e99bf266f886c70963107bdd31134c4e249eef51133ceccf",
    "https://deno.land/std@0.224.0/path/_common/glob_to_reg_exp.ts": "6cac16d5c2dc23af7d66348a7ce430e5de4e70b0eede074bdbcf4903f4374d8d",
    "https://deno.land/std@0.224.0/path/_common/normalize.ts": "684df4aa71a04bbcc346c692c8485594fc8a90b9408dfbc26ff32cf3e0c98cc8",
    "https://deno.land/std@0.224.0/path/_common/normalize_string.ts": "33edef773c2a8e242761f731adeb2bd6d683e9c69e4e3d0092985bede74f4ac3",
    "https://deno.land/std@0.224.0/path/_common/relative.ts": "faa2753d9b32320ed4ada0733261e3357c186e5705678d9dd08b97527deae607",
    "https://deno.land/std@0.224.0/path/_common/strip_trailing_separators.ts": "7024a93447efcdcfeaa9339a98fa63ef9d53de363f1fbe9858970f1bba02655a",
    "https://deno.land/std@0.224.0/path/_common/to_file_url.ts": "7f76adbc83ece1bba173e6e98a27c647712cab773d3f8cbe0398b74afc817883",
    "https://deno.land/std@0.224.0/path/_interface.ts": "8dfeb930ca4a772c458a8c7bbe1e33216fe91c253411338ad80c5b6fa93ddba0",
    "https://deno.land/std@0.224.0/path/_os.ts": "8fb9b90fb6b753bd8c77cfd8a33c2ff6c5f5bc185f50de8ca4ac6a05710b2c15",
    "https://deno.land/std@0.224.0/path/basename.ts": "7ee495c2d1ee516ffff48fb9a93267ba928b5a3486b550be73071bc14f8cc63e",
    "https://deno.land/std@0.224.0/path/common.ts": "03e52e22882402c986fe97ca3b5bb4263c2aa811c515ce84584b23bac4cc2643",
    "https://deno.land/std@0.224.0/path/constants.ts": "0c206169ca104938ede9da48ac952de288f23343304a1c3cb6ec7625e7325f36",
    "https://deno.land/std@0.224.0/path/dirname.ts": "85bd955bf31d62c9aafdd7ff561c4b5fb587d11a9a5a45e2b01aedffa4238a7c",
    "https://deno.land/std@0.224.0/path/extname.ts": "593303db8ae8c865cbd9ceec6e55d4b9ac5410c1e276bfd3131916591b954441",
    "https://deno.land/std@0.224.0/path/format.ts": "6ce1779b0980296cf2bc20d66436b12792102b831fd281ab9eb08fa8a3e6f6ac",
    "https://deno.land/std@0.224.0/path/from_file_url.ts": "911833ae4fd10a1c84f6271f36151ab785955849117dc48c6e43b929504ee069",
    "https://deno.land/std@0.224.0/path/glob_to_regexp.ts": "7f30f0a21439cadfdae1be1bf370880b415e676097fda584a63ce319053b5972",
    "https://deno.land/std@0.224.0/path/is_absolute.ts": "4791afc8bfd0c87f0526eaa616b0d16e7b3ab6a65b62942e50eac68de4ef67d7",
    "https://deno.land/std@0.224.0/path/is_glob.ts": "a65f6195d3058c3050ab905705891b412ff942a292bcbaa1a807a74439a14141",
    "https://deno.land/std@0.224.0/path/join.ts": "ae2ec5ca44c7e84a235fd532e4a0116bfb1f2368b394db1c4fb75e3c0f26a33a",
    "https://deno.land/std@0.224.0/path/join_globs.ts": "5b3bf248b93247194f94fa6947b612ab9d3abd571ca8386cf7789038545e54a0",
    "https://deno.land/std@0.224.0/path/mod.ts": "f6bd79cb08be0e604201bc9de41ac9248582699d1b2ee0ab6bc9190d472cf9cd",
    "https://deno.land/std@0.224.0/path/normalize.ts": "4155743ccceeed319b350c1e62e931600272fad8ad00c417b91df093867a8352",
    "https://deno.land/std@0.224.0/path/normalize_glob.ts": "cc89a77a7d3b1d01053b9dcd59462b75482b11e9068ae6c754b5cf5d794b374f",
    "https://deno.land/std@0.224.0/path/parse.ts": "77ad91dcb235a66c6f504df83087ce2a5471e67d79c402014f6e847389108d5a",
    "https://deno.land/std@0.224.0/path/posix/_util.ts": "1e3937da30f080bfc99fe45d7ed23c47dd8585c5e473b2d771380d3a6937cf9d",
    "https://deno.land/std@0.224.0/path/posix/basename.ts": "d2fa5fbbb1c5a3ab8b9326458a8d4ceac77580961b3739cd5bfd1d3541a3e5f0",
    "https://deno.land/std@0.224.0/path/posix/common.ts": "26f60ccc8b2cac3e1613000c23ac5a7d392715d479e5be413473a37903a2b5d4",
    "https://deno.land/std@0.224.0/path/posix/constants.ts": "93481efb98cdffa4c719c22a0182b994e5a6aed3047e1962f6c2c75b7592bef1",
    "https://deno.land/std@0.224.0/path/posix/dirname.ts": "76cd348ffe92345711409f88d4d8561d8645353ac215c8e9c80140069bf42f00",
    "https://deno.land/std@0.224.0/path/posix/extname.ts": "e398c1d9d1908d3756a7ed94199fcd169e79466dd88feffd2f47ce0abf9d61d2",
    "https://deno.land/std@0.224.0/path/posix/format.ts": "185e9ee2091a42dd39e2a3b8e4925370ee8407572cee1ae52838aed96310c5c1",
    "https://deno.land/std@0.224.0/path/posix/from_file_url.ts": "951aee3a2c46fd0ed488899d024c6352b59154c70552e90885ed0c2ab699bc40",
    "https://deno.land/std@0.224.0/path/posix/glob_to_regexp.ts": "76f012fcdb22c04b633f536c0b9644d100861bea36e9da56a94b9c589a742e8f",
    "https://deno.land/std@0.224.0/path/posix/is_absolute.ts": "cebe561ad0ae294f0ce0365a1879dcfca8abd872821519b4fcc8d8967f888ede",
    "https://deno.land/std@0.224.0/path/posix/is_glob.ts": "8a8b08c08bf731acf2c1232218f1f45a11131bc01de81e5f803450a5914434b9",
    "https://deno.land/std@0.224.0/path/posix/join.ts": "7fc2cb3716aa1b863e990baf30b101d768db479e70b7313b4866a088db016f63",
    "https://deno.land/std@0.224.0/path/posix/join_globs.ts": "a9475b44645feddceb484ee0498e456f4add112e181cb94042cdc6d47d1cdd25",
    "https://deno.land/std@0.224.0/path/posix/mod.ts": "2301fc1c54a28b349e20656f68a85f75befa0ee9b6cd75bfac3da5aca9c3f604",
    "https://deno.land/std@0.224.0/path/posix/normalize.ts": "baeb49816a8299f90a0237d214cef46f00ba3e95c0d2ceb74205a6a584b58a91",
    "https://deno.land/std@0.224.0/path/posix/normalize_glob.ts": "9c87a829b6c0f445d03b3ecadc14492e2864c3ebb966f4cea41e98326e4435c6",
    "https://deno.land/std@0.224.0/path/posix/parse.ts": "09dfad0cae530f93627202f28c1befa78ea6e751f92f478ca2cc3b56be2cbb6a",
    "https://deno.land/std@0.224.0/path/posix/relative.ts": "3907d6eda41f0ff723d336125a1ad4349112cd4d48f693859980314d5b9da31c",
    "https://deno.land/std@0.224.0/path/posix/resolve.ts": "08b699cfeee10cb6857ccab38fa4b2ec703b0ea33e8e69964f29d02a2d5257cf",
    "https://deno.land/std@0.224.0/path/posix/to_file_url.ts": "7aa752ba66a35049e0e4a4be5a0a31ac6b645257d2e031142abb1854de250aaf",
    "https://deno.land/std@0.224.0/path/posix/to_namespaced_path.ts": "28b216b3c76f892a4dca9734ff1cc0045d135532bfd9c435ae4858bfa5a2ebf0",
    "https://deno.land/std@0.224.0/path/relative.ts": "ab739d727180ed8727e34ed71d976912461d98e2b76de3d3de834c1066667add",
    "https://deno.land/std@0.224.0/path/resolve.ts": "a6f977bdb4272e79d8d0ed4333e3d71367cc3926acf15ac271f1d059c8494d8d",
    "https://deno.land/std@0.224.0/path/to_file_url.ts": "88f049b769bce411e2d2db5bd9e6fd9a185a5fbd6b9f5ad8f52bef517c4ece1b",
    "https://deno.land/std@0.224.0/path/to_namespaced_path.ts": "b706a4103b104cfadc09600a5f838c2ba94dbcdb642344557122dda444526e40",
    "https://deno.land/std@0.224.0/path/windows/_util.ts": "d5f47363e5293fced22c984550d5e70e98e266cc3f31769e1710511803d04808",
    "https://deno.land/std@0.224.0/path/windows/basename.ts": "6bbc57bac9df2cec43288c8c5334919418d784243a00bc10de67d392ab36d660",
    "https://deno.land/std@0.224.0/path/windows/common.ts": "26f60ccc8b2cac3e1613000c23ac5a7d392715d479e5be413473a37903a2b5d4",
    "https://deno.land/std@0.224.0/path/windows/constants.ts": "5afaac0a1f67b68b0a380a4ef391bf59feb55856aa8c60dfc01bd3b6abb813f5",
    "https://deno.land/std@0.224.0/path/windows/dirname.ts": "33e421be5a5558a1346a48e74c330b8e560be7424ed7684ea03c12c21b627bc9",
    "https://deno.land/std@0.224.0/path/windows/extname.ts": "165a61b00d781257fda1e9606a48c78b06815385e7d703232548dbfc95346bef",
    "https://deno.land/std@0.224.0/path/windows/format.ts": "bbb5ecf379305b472b1082cd2fdc010e44a0020030414974d6029be9ad52aeb6",
    "https://deno.land/std@0.224.0/path/windows/from_file_url.ts": "ced2d587b6dff18f963f269d745c4a599cf82b0c4007356bd957cb4cb52efc01",
    "https://deno.land/std@0.224.0/path/windows/glob_to_regexp.ts": "e45f1f89bf3fc36f94ab7b3b9d0026729829fabc486c77f414caebef3b7304f8",
    "https://deno.land/std@0.224.0/path/windows/is_absolute.ts": "4a8f6853f8598cf91a835f41abed42112cebab09478b072e4beb00ec81f8ca8a",
    "https://deno.land/std@0.224.0/path/windows/is_glob.ts": "8a8b08c08bf731acf2c1232218f1f45a11131bc01de81e5f803450a5914434b9",
    "https://deno.land/std@0.224.0/path/windows/join.ts": "8d03530ab89195185103b7da9dfc6327af13eabdcd44c7c63e42e27808f50ecf",
    "https://deno.land/std@0.224.0/path/windows/join_globs.ts": "a9475b44645feddceb484ee0498e456f4add112e181cb94042cdc6d47d1cdd25",
    "https://deno.land/std@0.224.0/path/windows/mod.ts": "2301fc1c54a28b349e20656f68a85f75befa0ee9b6cd75bfac3da5aca9c3f604",
    "https://deno.land/std@0.224.0/path/windows/normalize.ts": "78126170ab917f0ca355a9af9e65ad6bfa5be14d574c5fb09bb1920f52577780",
    "https://deno.land/std@0.224.0/path/windows/normalize_glob.ts": "9c87a829b6c0f445d03b3ecadc14492e2864c3ebb966f4cea41e98326e4435c6",
    "https://deno.land/std@0.224.0/path/windows/parse.ts": "08804327b0484d18ab4d6781742bf374976de662f8642e62a67e93346e759707",
    "https://deno.land/std@0.224.0/path/windows/relative.ts": "3e1abc7977ee6cc0db2730d1f9cb38be87b0ce4806759d271a70e4997fc638d7",
    "https://deno.land/std@0.224.0/path/windows/resolve.ts": "8dae1dadfed9d46ff46cc337c9525c0c7d959fb400a6308f34595c45bdca1972",
    "https://deno.land/std@0.224.0/path/windows/to_file_url.ts": "40e560ee4854fe5a3d4d12976cef2f4e8914125c81b11f1108e127934ced502e",
    "https://deno.land/std@0.224.0/path/windows/to_namespaced_path.ts": "4ffa4fb6fae321448d5fe810b3ca741d84df4d7897e61ee29be961a6aac89a4c"
  },
  "workspace": {
    "dependencies": [
      "jsr:@deno/dnt@~0.41.3",
      "jsr:@std/assert@1"
    ]
  }
}
